{
  "version": "3",
  "redirects": {
    "https://deno.land/x/bigdenary/mod.ts": "https://deno.land/x/bigdenary@1.0.0/mod.ts"
  },
  "remote": {
    "https://deno.land/x/bigdenary@1.0.0/mod.ts": "78b4ca7df3083006910475c4dda11ddea239974cd8436605debdaf3a42d84945",
    "https://deno.land/x/bigdenary@1.0.0/util.ts": "2442c167bd53a815f14471659e3e7bb6ffda8b865b49eabe66dd93c412193763",
    "https://deno.land/x/memoizy@1.0.0/mod.ts": "8b421c57a2c9bcf60f0d845aa46d19b09de838953c9d440d9abbc8e3cabb791b"
  }
}
